
Microsoft Visual Studio Solution File, Format Version 12.00
# Visual Studio Version 17
VisualStudioVersion = 17.9.34714.143
MinimumVisualStudioVersion = 10.0.40219.1
Project("{FAE04EC0-301F-11D3-BF4B-00C04F79EFBC}") = "TgBot", "TgBot.csproj", "{864B82B4-AE6B-4B2F-922A-871799E5D95B}"
EndProject
Global
	GlobalSection(SolutionConfigurationPlatforms) = preSolution
		Debug|Any CPU = Debug|Any CPU
		Release|Any CPU = Release|Any CPU
	EndGlobalSection
	GlobalSection(ProjectConfigurationPlatforms) = postSolution
		{864B82B4-AE6B-4B2F-922A-871799E5D95B}.Debug|Any CPU.ActiveCfg = Debug|Any CPU
		{864B82B4-AE6B-4B2F-922A-871799E5D95B}.Debug|Any CPU.Build.0 = Debug|Any CPU
		{864B82B4-AE6B-4B2F-922A-871799E5D95B}.Release|Any CPU.ActiveCfg = Release|Any CPU
		{864B82B4-AE6B-4B2F-922A-871799E5D95B}.Release|Any CPU.Build.0 = Release|Any CPU
	EndGlobalSection
	GlobalSection(SolutionProperties) = preSolution
		HideSolutionNode = FALSE
	EndGlobalSection
	GlobalSection(ExtensibilityGlobals) = postSolution
		SolutionGuid = {DE011812-E338-45AD-81E2-3A4141D96C20}
	EndGlobalSection
EndGlobal
